// !$*UTF8*$!
{
	archiveVersion = 1;
	classes = {
	};
	objectVersion = 56;
	objects = {

/* Begin PBXBuildFile section */
		5CED04552D08BCE90021E731 /* SparkApp.swift in Sources */ = {isa = PBXBuildFile; fileRef = 5CED04542D08BCE90021E731 /* SparkApp.swift */; };
		5CED04572D08BCE90021E731 /* ContentView.swift in Sources */ = {isa = PBXBuildFile; fileRef = 5CED04562D08BCE90021E731 /* ContentView.swift */; };
		5CED04592D08BCEA0021E731 /* Assets.xcassets in Resources */ = {isa = PBXBuildFile; fileRef = 5CED04582D08BCEA0021E731 /* Assets.xcassets */; };
		5CED045C2D08BCEA0021E731 /* Preview Assets.xcassets in Resources */ = {isa = PBXBuildFile; fileRef = 5CED045B2D08BCEA0021E731 /* Preview Assets.xcassets */; };
		5CED04662D08BCEB0021E731 /* SparkTests.swift in Sources */ = {isa = PBXBuildFile; fileRef = 5CED04652D08BCEB0021E731 /* SparkTests.swift */; };
		5CED04702D08BCEB0021E731 /* SparkUITests.swift in Sources */ = {isa = PBXBuildFile; fileRef = 5CED046F2D08BCEB0021E731 /* SparkUITests.swift */; };
		5CED04722D08BCEB0021E731 /* SparkUITestsLaunchTests.swift in Sources */ = {isa = PBXBuildFile; fileRef = 5CED04712D08BCEB0021E731 /* SparkUITestsLaunchTests.swift */; };
		ECD447772D0AD377003DBF56 /* Task.swift in Sources */ = {isa = PBXBuildFile; fileRef = ECD447762D0AD377003DBF56 /* Task.swift */; };
		ECD447792D0AD37A003DBF56 /* TaskList.swift in Sources */ = {isa = PBXBuildFile; fileRef = ECD447782D0AD37A003DBF56 /* TaskList.swift */; };
		ECD4477B2D0AD37C003DBF56 /* TaskSheet.swift in Sources */ = {isa = PBXBuildFile; fileRef = ECD4477A2D0AD37C003DBF56 /* TaskSheet.swift */; };
		ECD4477D2D0AD37E003DBF56 /* TaskTimeFrame .swift in Sources */ = {isa = PBXBuildFile; fileRef = ECD4477C2D0AD37E003DBF56 /* TaskTimeFrame .swift */; };
		ECD4477F2D0AD382003DBF56 /* TaskView.swift in Sources */ = {isa = PBXBuildFile; fileRef = ECD4477E2D0AD382003DBF56 /* TaskView.swift */; };
/* End PBXBuildFile section */

/* Begin PBXContainerItemProxy section */
		5CED04622D08BCEB0021E731 /* PBXContainerItemProxy */ = {
			isa = PBXContainerItemProxy;
			containerPortal = 5CED04492D08BCE90021E731 /* Project object */;
			proxyType = 1;
			remoteGlobalIDString = 5CED04502D08BCE90021E731;
			remoteInfo = Spark;
		};
		5CED046C2D08BCEB0021E731 /* PBXContainerItemProxy */ = {
			isa = PBXContainerItemProxy;
			containerPortal = 5CED04492D08BCE90021E731 /* Project object */;
			proxyType = 1;
			remoteGlobalIDString = 5CED04502D08BCE90021E731;
			remoteInfo = Spark;
		};
/* End PBXContainerItemProxy section */

/* Begin PBXFileReference section */
		5CED04512D08BCE90021E731 /* Spark.app */ = {isa = PBXFileReference; explicitFileType = wrapper.application; includeInIndex = 0; path = Spark.app; sourceTree = BUILT_PRODUCTS_DIR; };
		5CED04542D08BCE90021E731 /* SparkApp.swift */ = {isa = PBXFileReference; lastKnownFileType = sourcecode.swift; path = SparkApp.swift; sourceTree = "<group>"; };
		5CED04562D08BCE90021E731 /* ContentView.swift */ = {isa = PBXFileReference; lastKnownFileType = sourcecode.swift; path = ContentView.swift; sourceTree = "<group>"; };
		5CED04582D08BCEA0021E731 /* Assets.xcassets */ = {isa = PBXFileReference; lastKnownFileType = folder.assetcatalog; path = Assets.xcassets; sourceTree = "<group>"; };
		5CED045B2D08BCEA0021E731 /* Preview Assets.xcassets */ = {isa = PBXFileReference; lastKnownFileType = folder.assetcatalog; path = "Preview Assets.xcassets"; sourceTree = "<group>"; };
		5CED04612D08BCEB0021E731 /* SparkTests.xctest */ = {isa = PBXFileReference; explicitFileType = wrapper.cfbundle; includeInIndex = 0; path = SparkTests.xctest; sourceTree = BUILT_PRODUCTS_DIR; };
		5CED04652D08BCEB0021E731 /* SparkTests.swift */ = {isa = PBXFileReference; lastKnownFileType = sourcecode.swift; path = SparkTests.swift; sourceTree = "<group>"; };
		5CED046B2D08BCEB0021E731 /* SparkUITests.xctest */ = {isa = PBXFileReference; explicitFileType = wrapper.cfbundle; includeInIndex = 0; path = SparkUITests.xctest; sourceTree = BUILT_PRODUCTS_DIR; };
		5CED046F2D08BCEB0021E731 /* SparkUITests.swift */ = {isa = PBXFileReference; lastKnownFileType = sourcecode.swift; path = SparkUITests.swift; sourceTree = "<group>"; };
		5CED04712D08BCEB0021E731 /* SparkUITestsLaunchTests.swift */ = {isa = PBXFileReference; lastKnownFileType = sourcecode.swift; path = SparkUITestsLaunchTests.swift; sourceTree = "<group>"; };
		ECD447762D0AD377003DBF56 /* Task.swift */ = {isa = PBXFileReference; lastKnownFileType = sourcecode.swift; path = Task.swift; sourceTree = "<group>"; };
		ECD447782D0AD37A003DBF56 /* TaskList.swift */ = {isa = PBXFileReference; lastKnownFileType = sourcecode.swift; path = TaskList.swift; sourceTree = "<group>"; };
		ECD4477A2D0AD37C003DBF56 /* TaskSheet.swift */ = {isa = PBXFileReference; lastKnownFileType = sourcecode.swift; path = TaskSheet.swift; sourceTree = "<group>"; };
		ECD4477C2D0AD37E003DBF56 /* TaskTimeFrame .swift */ = {isa = PBXFileReference; lastKnownFileType = sourcecode.swift; path = "TaskTimeFrame .swift"; sourceTree = "<group>"; };
		ECD4477E2D0AD382003DBF56 /* TaskView.swift */ = {isa = PBXFileReference; lastKnownFileType = sourcecode.swift; path = TaskView.swift; sourceTree = "<group>"; };
/* End PBXFileReference section */

/* Begin PBXFrameworksBuildPhase section */
		5CED044E2D08BCE90021E731 /* Frameworks */ = {
			isa = PBXFrameworksBuildPhase;
			buildActionMask = 2147483647;
			files = (
			);
			runOnlyForDeploymentPostprocessing = 0;
		};
		5CED045E2D08BCEB0021E731 /* Frameworks */ = {
			isa = PBXFrameworksBuildPhase;
			buildActionMask = 2147483647;
			files = (
			);
			runOnlyForDeploymentPostprocessing = 0;
		};
		5CED04682D08BCEB0021E731 /* Frameworks */ = {
			isa = PBXFrameworksBuildPhase;
			buildActionMask = 2147483647;
			files = (
			);
			runOnlyForDeploymentPostprocessing = 0;
		};
/* End PBXFrameworksBuildPhase section */

/* Begin PBXGroup section */
		5CED04482D08BCE90021E731 = {
			isa = PBXGroup;
			children = (
				5CED04532D08BCE90021E731 /* Spark */,
				5CED04642D08BCEB0021E731 /* SparkTests */,
				5CED046E2D08BCEB0021E731 /* SparkUITests */,
				5CED04522D08BCE90021E731 /* Products */,
			);
			sourceTree = "<group>";
		};
		5CED04522D08BCE90021E731 /* Products */ = {
			isa = PBXGroup;
			children = (
				5CED04512D08BCE90021E731 /* Spark.app */,
				5CED04612D08BCEB0021E731 /* SparkTests.xctest */,
				5CED046B2D08BCEB0021E731 /* SparkUITests.xctest */,
			);
			name = Products;
			sourceTree = "<group>";
		};
		5CED04532D08BCE90021E731 /* Spark */ = {
			isa = PBXGroup;
			children = (
				5CED04542D08BCE90021E731 /* SparkApp.swift */,
				5CED04562D08BCE90021E731 /* ContentView.swift */,
				ECD447762D0AD377003DBF56 /* Task.swift */,
				ECD447782D0AD37A003DBF56 /* TaskList.swift */,
				ECD4477A2D0AD37C003DBF56 /* TaskSheet.swift */,
				ECD4477C2D0AD37E003DBF56 /* TaskTimeFrame .swift */,
				ECD4477E2D0AD382003DBF56 /* TaskView.swift */,
				5CED04582D08BCEA0021E731 /* Assets.xcassets */,
				5CED045A2D08BCEA0021E731 /* Preview Content */,
			);
			path = Spark;
			sourceTree = "<group>";
		};
		5CED045A2D08BCEA0021E731 /* Preview Content */ = {
			isa = PBXGroup;
			children = (
				5CED045B2D08BCEA0021E731 /* Preview Assets.xcassets */,
			);
			path = "Preview Content";
			sourceTree = "<group>";
		};
		5CED04642D08BCEB0021E731 /* SparkTests */ = {
			isa = PBXGroup;
			children = (
				5CED04652D08BCEB0021E731 /* SparkTests.swift */,
			);
			path = SparkTests;
			sourceTree = "<group>";
		};
		5CED046E2D08BCEB0021E731 /* SparkUITests */ = {
			isa = PBXGroup;
			children = (
				5CED046F2D08BCEB0021E731 /* SparkUITests.swift */,
				5CED04712D08BCEB0021E731 /* SparkUITestsLaunchTests.swift */,
			);
			path = SparkUITests;
			sourceTree = "<group>";
		};
/* End PBXGroup section */

/* Begin PBXNativeTarget section */
		5CED04502D08BCE90021E731 /* Spark */ = {
			isa = PBXNativeTarget;
			buildConfigurationList = 5CED04752D08BCEB0021E731 /* Build configuration list for PBXNativeTarget "Spark" */;
			buildPhases = (
				5CED044D2D08BCE90021E731 /* Sources */,
				5CED044E2D08BCE90021E731 /* Frameworks */,
				5CED044F2D08BCE90021E731 /* Resources */,
			);
			buildRules = (
			);
			dependencies = (
			);
			name = Spark;
			productName = Spark;
			productReference = 5CED04512D08BCE90021E731 /* Spark.app */;
			productType = "com.apple.product-type.application";
		};
		5CED04602D08BCEB0021E731 /* SparkTests */ = {
			isa = PBXNativeTarget;
			buildConfigurationList = 5CED04782D08BCEB0021E731 /* Build configuration list for PBXNativeTarget "SparkTests" */;
			buildPhases = (
				5CED045D2D08BCEB0021E731 /* Sources */,
				5CED045E2D08BCEB0021E731 /* Frameworks */,
				5CED045F2D08BCEB0021E731 /* Resources */,
			);
			buildRules = (
			);
			dependencies = (
				5CED04632D08BCEB0021E731 /* PBXTargetDependency */,
			);
			name = SparkTests;
			productName = SparkTests;
			productReference = 5CED04612D08BCEB0021E731 /* SparkTests.xctest */;
			productType = "com.apple.product-type.bundle.unit-test";
		};
		5CED046A2D08BCEB0021E731 /* SparkUITests */ = {
			isa = PBXNativeTarget;
			buildConfigurationList = 5CED047B2D08BCEB0021E731 /* Build configuration list for PBXNativeTarget "SparkUITests" */;
			buildPhases = (
				5CED04672D08BCEB0021E731 /* Sources */,
				5CED04682D08BCEB0021E731 /* Frameworks */,
				5CED04692D08BCEB0021E731 /* Resources */,
			);
			buildRules = (
			);
			dependencies = (
				5CED046D2D08BCEB0021E731 /* PBXTargetDependency */,
			);
			name = SparkUITests;
			productName = SparkUITests;
			productReference = 5CED046B2D08BCEB0021E731 /* SparkUITests.xctest */;
			productType = "com.apple.product-type.bundle.ui-testing";
		};
/* End PBXNativeTarget section */

/* Begin PBXProject section */
		5CED04492D08BCE90021E731 /* Project object */ = {
			isa = PBXProject;
			attributes = {
				BuildIndependentTargetsInParallel = 1;
				LastSwiftUpdateCheck = 1540;
				LastUpgradeCheck = 1540;
				TargetAttributes = {
					5CED04502D08BCE90021E731 = {
						CreatedOnToolsVersion = 15.4;
					};
					5CED04602D08BCEB0021E731 = {
						CreatedOnToolsVersion = 15.4;
						TestTargetID = 5CED04502D08BCE90021E731;
					};
					5CED046A2D08BCEB0021E731 = {
						CreatedOnToolsVersion = 15.4;
						TestTargetID = 5CED04502D08BCE90021E731;
					};
				};
			};
			buildConfigurationList = 5CED044C2D08BCE90021E731 /* Build configuration list for PBXProject "Spark" */;
			compatibilityVersion = "Xcode 14.0";
			developmentRegion = en;
			hasScannedForEncodings = 0;
			knownRegions = (
				en,
				Base,
			);
			mainGroup = 5CED04482D08BCE90021E731;
			productRefGroup = 5CED04522D08BCE90021E731 /* Products */;
			projectDirPath = "";
			projectRoot = "";
			targets = (
				5CED04502D08BCE90021E731 /* Spark */,
				5CED04602D08BCEB0021E731 /* SparkTests */,
				5CED046A2D08BCEB0021E731 /* SparkUITests */,
			);
		};
/* End PBXProject section */

/* Begin PBXResourcesBuildPhase section */
		5CED044F2D08BCE90021E731 /* Resources */ = {
			isa = PBXResourcesBuildPhase;
			buildActionMask = 2147483647;
			files = (
				5CED045C2D08BCEA0021E731 /* Preview Assets.xcassets in Resources */,
				5CED04592D08BCEA0021E731 /* Assets.xcassets in Resources */,
			);
			runOnlyForDeploymentPostprocessing = 0;
		};
		5CED045F2D08BCEB0021E731 /* Resources */ = {
			isa = PBXResourcesBuildPhase;
			buildActionMask = 2147483647;
			files = (
			);
			runOnlyForDeploymentPostprocessing = 0;
		};
		5CED04692D08BCEB0021E731 /* Resources */ = {
			isa = PBXResourcesBuildPhase;
			buildActionMask = 2147483647;
			files = (
			);
			runOnlyForDeploymentPostprocessing = 0;
		};
/* End PBXResourcesBuildPhase section */

/* Begin PBXSourcesBuildPhase section */
		5CED044D2D08BCE90021E731 /* Sources */ = {
			isa = PBXSourcesBuildPhase;
			buildActionMask = 2147483647;
			files = (
				ECD4477B2D0AD37C003DBF56 /* TaskSheet.swift in Sources */,
				ECD447772D0AD377003DBF56 /* Task.swift in Sources */,
				ECD447792D0AD37A003DBF56 /* TaskList.swift in Sources */,
				ECD4477D2D0AD37E003DBF56 /* TaskTimeFrame .swift in Sources */,
				5CED04572D08BCE90021E731 /* ContentView.swift in Sources */,
				5CED04552D08BCE90021E731 /* SparkApp.swift in Sources */,
				ECD4477F2D0AD382003DBF56 /* TaskView.swift in Sources */,
			);
			runOnlyForDeploymentPostprocessing = 0;
		};
		5CED045D2D08BCEB0021E731 /* Sources */ = {
			isa = PBXSourcesBuildPhase;
			buildActionMask = 2147483647;
			files = (
				5CED04662D08BCEB0021E731 /* SparkTests.swift in Sources */,
			);
			runOnlyForDeploymentPostprocessing = 0;
		};
		5CED04672D08BCEB0021E731 /* Sources */ = {
			isa = PBXSourcesBuildPhase;
			buildActionMask = 2147483647;
			files = (
				5CED04722D08BCEB0021E731 /* SparkUITestsLaunchTests.swift in Sources */,
				5CED04702D08BCEB0021E731 /* SparkUITests.swift in Sources */,
			);
			runOnlyForDeploymentPostprocessing = 0;
		};
/* End PBXSourcesBuildPhase section */

/* Begin PBXTargetDependency section */
		5CED04632D08BCEB0021E731 /* PBXTargetDependency */ = {
			isa = PBXTargetDependency;
			target = 5CED04502D08BCE90021E731 /* Spark */;
			targetProxy = 5CED04622D08BCEB0021E731 /* PBXContainerItemProxy */;
		};
		5CED046D2D08BCEB0021E731 /* PBXTargetDependency */ = {
			isa = PBXTargetDependency;
			target = 5CED04502D08BCE90021E731 /* Spark */;
			targetProxy = 5CED046C2D08BCEB0021E731 /* PBXContainerItemProxy */;
		};
/* End PBXTargetDependency section */

/* Begin XCBuildConfiguration section */
		5CED04732D08BCEB0021E731 /* Debug */ = {
			isa = XCBuildConfiguration;
			buildSettings = {
				ALWAYS_SEARCH_USER_PATHS = NO;
				ASSETCATALOG_COMPILER_GENERATE_SWIFT_ASSET_SYMBOL_EXTENSIONS = YES;
				CLANG_ANALYZER_NONNULL = YES;
				CLANG_ANALYZER_NUMBER_OBJECT_CONVERSION = YES_AGGRESSIVE;
				CLANG_CXX_LANGUAGE_STANDARD = "gnu++20";
				CLANG_ENABLE_MODULES = YES;
				CLANG_ENABLE_OBJC_ARC = YES;
				CLANG_ENABLE_OBJC_WEAK = YES;
				CLANG_WARN_BLOCK_CAPTURE_AUTORELEASING = YES;
				CLANG_WARN_BOOL_CONVERSION = YES;
				CLANG_WARN_COMMA = YES;
				CLANG_WARN_CONSTANT_CONVERSION = YES;
				CLANG_WARN_DEPRECATED_OBJC_IMPLEMENTATIONS = YES;
				CLANG_WARN_DIRECT_OBJC_ISA_USAGE = YES_ERROR;
				CLANG_WARN_DOCUMENTATION_COMMENTS = YES;
				CLANG_WARN_EMPTY_BODY = YES;
				CLANG_WARN_ENUM_CONVERSION = YES;
				CLANG_WARN_INFINITE_RECURSION = YES;
				CLANG_WARN_INT_CONVERSION = YES;
				CLANG_WARN_NON_LITERAL_NULL_CONVERSION = YES;
				CLANG_WARN_OBJC_IMPLICIT_RETAIN_SELF = YES;
				CLANG_WARN_OBJC_LITERAL_CONVERSION = YES;
				CLANG_WARN_OBJC_ROOT_CLASS = YES_ERROR;
				CLANG_WARN_QUOTED_INCLUDE_IN_FRAMEWORK_HEADER = YES;
				CLANG_WARN_RANGE_LOOP_ANALYSIS = YES;
				CLANG_WARN_STRICT_PROTOTYPES = YES;
				CLANG_WARN_SUSPICIOUS_MOVE = YES;
				CLANG_WARN_UNGUARDED_AVAILABILITY = YES_AGGRESSIVE;
				CLANG_WARN_UNREACHABLE_CODE = YES;
				CLANG_WARN__DUPLICATE_METHOD_MATCH = YES;
				COPY_PHASE_STRIP = NO;
				DEBUG_INFORMATION_FORMAT = dwarf;
				ENABLE_STRICT_OBJC_MSGSEND = YES;
				ENABLE_TESTABILITY = YES;
				ENABLE_USER_SCRIPT_SANDBOXING = YES;
				GCC_C_LANGUAGE_STANDARD = gnu17;
				GCC_DYNAMIC_NO_PIC = NO;
				GCC_NO_COMMON_BLOCKS = YES;
				GCC_OPTIMIZATION_LEVEL = 0;
				GCC_PREPROCESSOR_DEFINITIONS = (
					"DEBUG=1",
					"$(inherited)",
				);
				GCC_WARN_64_TO_32_BIT_CONVERSION = YES;
				GCC_WARN_ABOUT_RETURN_TYPE = YES_ERROR;
				GCC_WARN_UNDECLARED_SELECTOR = YES;
				GCC_WARN_UNINITIALIZED_AUTOS = YES_AGGRESSIVE;
				GCC_WARN_UNUSED_FUNCTION = YES;
				GCC_WARN_UNUSED_VARIABLE = YES;
				IPHONEOS_DEPLOYMENT_TARGET = 17.5;
				LOCALIZATION_PREFERS_STRING_CATALOGS = YES;
				MTL_ENABLE_DEBUG_INFO = INCLUDE_SOURCE;
				MTL_FAST_MATH = YES;
				ONLY_ACTIVE_ARCH = YES;
				SDKROOT = iphoneos;
				SWIFT_ACTIVE_COMPILATION_CONDITIONS = "DEBUG $(inherited)";
				SWIFT_OPTIMIZATION_LEVEL = "-Onone";
			};
			name = Debug;
		};
		5CED04742D08BCEB0021E731 /* Release */ = {
			isa = XCBuildConfiguration;
			buildSettings = {
				ALWAYS_SEARCH_USER_PATHS = NO;
				ASSETCATALOG_COMPILER_GENERATE_SWIFT_ASSET_SYMBOL_EXTENSIONS = YES;
				CLANG_ANALYZER_NONNULL = YES;
				CLANG_ANALYZER_NUMBER_OBJECT_CONVERSION = YES_AGGRESSIVE;
				CLANG_CXX_LANGUAGE_STANDARD = "gnu++20";
				CLANG_ENABLE_MODULES = YES;
				CLANG_ENABLE_OBJC_ARC = YES;
				CLANG_ENABLE_OBJC_WEAK = YES;
				CLANG_WARN_BLOCK_CAPTURE_AUTORELEASING = YES;
				CLANG_WARN_BOOL_CONVERSION = YES;
				CLANG_WARN_COMMA = YES;
				CLANG_WARN_CONSTANT_CONVERSION = YES;
				CLANG_WARN_DEPRECATED_OBJC_IMPLEMENTATIONS = YES;
				CLANG_WARN_DIRECT_OBJC_ISA_USAGE = YES_ERROR;
				CLANG_WARN_DOCUMENTATION_COMMENTS = YES;
				CLANG_WARN_EMPTY_BODY = YES;
				CLANG_WARN_ENUM_CONVERSION = YES;
				CLANG_WARN_INFINITE_RECURSION = YES;
				CLANG_WARN_INT_CONVERSION = YES;
				CLANG_WARN_NON_LITERAL_NULL_CONVERSION = YES;
				CLANG_WARN_OBJC_IMPLICIT_RETAIN_SELF = YES;
				CLANG_WARN_OBJC_LITERAL_CONVERSION = YES;
				CLANG_WARN_OBJC_ROOT_CLASS = YES_ERROR;
				CLANG_WARN_QUOTED_INCLUDE_IN_FRAMEWORK_HEADER = YES;
				CLANG_WARN_RANGE_LOOP_ANALYSIS = YES;
				CLANG_WARN_STRICT_PROTOTYPES = YES;
				CLANG_WARN_SUSPICIOUS_MOVE = YES;
				CLANG_WARN_UNGUARDED_AVAILABILITY = YES_AGGRESSIVE;
				CLANG_WARN_UNREACHABLE_CODE = YES;
				CLANG_WARN__DUPLICATE_METHOD_MATCH = YES;
				COPY_PHASE_STRIP = NO;
				DEBUG_INFORMATION_FORMAT = "dwarf-with-dsym";
				ENABLE_NS_ASSERTIONS = NO;
				ENABLE_STRICT_OBJC_MSGSEND = YES;
				ENABLE_USER_SCRIPT_SANDBOXING = YES;
				GCC_C_LANGUAGE_STANDARD = gnu17;
				GCC_NO_COMMON_BLOCKS = YES;
				GCC_WARN_64_TO_32_BIT_CONVERSION = YES;
				GCC_WARN_ABOUT_RETURN_TYPE = YES_ERROR;
				GCC_WARN_UNDECLARED_SELECTOR = YES;
				GCC_WARN_UNINITIALIZED_AUTOS = YES_AGGRESSIVE;
				GCC_WARN_UNUSED_FUNCTION = YES;
				GCC_WARN_UNUSED_VARIABLE = YES;
				IPHONEOS_DEPLOYMENT_TARGET = 17.5;
				LOCALIZATION_PREFERS_STRING_CATALOGS = YES;
				MTL_ENABLE_DEBUG_INFO = NO;
				MTL_FAST_MATH = YES;
				SDKROOT = iphoneos;
				SWIFT_COMPILATION_MODE = wholemodule;
				VALIDATE_PRODUCT = YES;
			};
			name = Release;
		};
		5CED04762D08BCEB0021E731 /* Debug */ = {
			isa = XCBuildConfiguration;
			buildSettings = {
				ASSETCATALOG_COMPILER_APPICON_NAME = AppIcon;
				ASSETCATALOG_COMPILER_GLOBAL_ACCENT_COLOR_NAME = AccentColor;
				CODE_SIGN_STYLE = Automatic;
				CURRENT_PROJECT_VERSION = 1;
				DEVELOPMENT_ASSET_PATHS = "\"Spark/Preview Content\"";
				DEVELOPMENT_TEAM = 456W9WT6L3;
				ENABLE_PREVIEWS = YES;
				GENERATE_INFOPLIST_FILE = YES;
				INFOPLIST_KEY_UIApplicationSceneManifest_Generation = YES;
				INFOPLIST_KEY_UIApplicationSupportsIndirectInputEvents = YES;
				INFOPLIST_KEY_UILaunchScreen_Generation = YES;
				INFOPLIST_KEY_UISupportedInterfaceOrientations_iPad = "UIInterfaceOrientationPortrait UIInterfaceOrientationPortraitUpsideDown UIInterfaceOrientationLandscapeLeft UIInterfaceOrientationLandscapeRight";
				INFOPLIST_KEY_UISupportedInterfaceOrientations_iPhone = "UIInterfaceOrientationPortrait UIInterfaceOrientationLandscapeLeft UIInterfaceOrientationLandscapeRight";
				LD_RUNPATH_SEARCH_PATHS = (
					"$(inherited)",
					"@executable_path/Frameworks",
				);
				MARKETING_VERSION = 1.0;
				PRODUCT_BUNDLE_IDENTIFIER = come.maryambahwal.Spark;
				PRODUCT_NAME = "$(TARGET_NAME)";
				SWIFT_EMIT_LOC_STRINGS = YES;
				SWIFT_VERSION = 5.0;
				TARGETED_DEVICE_FAMILY = "1,2";
			};
			name = Debug;
		};
		5CED04772D08BCEB0021E731 /* Release */ = {
			isa = XCBuildConfiguration;
			buildSettings = {
				ASSETCATALOG_COMPILER_APPICON_NAME = AppIcon;
				ASSETCATALOG_COMPILER_GLOBAL_ACCENT_COLOR_NAME = AccentColor;
				CODE_SIGN_STYLE = Automatic;
				CURRENT_PROJECT_VERSION = 1;
				DEVELOPMENT_ASSET_PATHS = "\"Spark/Preview Content\"";
				DEVELOPMENT_TEAM = 456W9WT6L3;
				ENABLE_PREVIEWS = YES;
				GENERATE_INFOPLIST_FILE = YES;
				INFOPLIST_KEY_UIApplicationSceneManifest_Generation = YES;
				INFOPLIST_KEY_UIApplicationSupportsIndirectInputEvents = YES;
				INFOPLIST_KEY_UILaunchScreen_Generation = YES;
				INFOPLIST_KEY_UISupportedInterfaceOrientations_iPad = "UIInterfaceOrientationPortrait UIInterfaceOrientationPortraitUpsideDown UIInterfaceOrientationLandscapeLeft UIInterfaceOrientationLandscapeRight";
				INFOPLIST_KEY_UISupportedInterfaceOrientations_iPhone = "UIInterfaceOrientationPortrait UIInterfaceOrientationLandscapeLeft UIInterfaceOrientationLandscapeRight";
				LD_RUNPATH_SEARCH_PATHS = (
					"$(inherited)",
					"@executable_path/Frameworks",
				);
				MARKETING_VERSION = 1.0;
				PRODUCT_BUNDLE_IDENTIFIER = come.maryambahwal.Spark;
				PRODUCT_NAME = "$(TARGET_NAME)";
				SWIFT_EMIT_LOC_STRINGS = YES;
				SWIFT_VERSION = 5.0;
				TARGETED_DEVICE_FAMILY = "1,2";
			};
			name = Release;
		};
		5CED04792D08BCEB0021E731 /* Debug */ = {
			isa = XCBuildConfiguration;
			buildSettings = {
				ALWAYS_EMBED_SWIFT_STANDARD_LIBRARIES = YES;
				BUNDLE_LOADER = "$(TEST_HOST)";
				CODE_SIGN_STYLE = Automatic;
				CURRENT_PROJECT_VERSION = 1;
				DEVELOPMENT_TEAM = 456W9WT6L3;
				GENERATE_INFOPLIST_FILE = YES;
				IPHONEOS_DEPLOYMENT_TARGET = 17.5;
				MARKETING_VERSION = 1.0;
				PRODUCT_BUNDLE_IDENTIFIER = come.maryambahwal.SparkTests;
				PRODUCT_NAME = "$(TARGET_NAME)";
				SWIFT_EMIT_LOC_STRINGS = NO;
				SWIFT_VERSION = 5.0;
				TARGETED_DEVICE_FAMILY = "1,2";
				TEST_HOST = "$(BUILT_PRODUCTS_DIR)/Spark.app/$(BUNDLE_EXECUTABLE_FOLDER_PATH)/Spark";
			};
			name = Debug;
		};
		5CED047A2D08BCEB0021E731 /* Release */ = {
			isa = XCBuildConfiguration;
			buildSettings = {
				ALWAYS_EMBED_SWIFT_STANDARD_LIBRARIES = YES;
				BUNDLE_LOADER = "$(TEST_HOST)";
				CODE_SIGN_STYLE = Automatic;
				CURRENT_PROJECT_VERSION = 1;
				DEVELOPMENT_TEAM = 456W9WT6L3;
				GENERATE_INFOPLIST_FILE = YES;
				IPHONEOS_DEPLOYMENT_TARGET = 17.5;
				MARKETING_VERSION = 1.0;
				PRODUCT_BUNDLE_IDENTIFIER = come.maryambahwal.SparkTests;
				PRODUCT_NAME = "$(TARGET_NAME)";
				SWIFT_EMIT_LOC_STRINGS = NO;
				SWIFT_VERSION = 5.0;
				TARGETED_DEVICE_FAMILY = "1,2";
				TEST_HOST = "$(BUILT_PRODUCTS_DIR)/Spark.app/$(BUNDLE_EXECUTABLE_FOLDER_PATH)/Spark";
			};
			name = Release;
		};
		5CED047C2D08BCEB0021E731 /* Debug */ = {
			isa = XCBuildConfiguration;
			buildSettings = {
				ALWAYS_EMBED_SWIFT_STANDARD_LIBRARIES = YES;
				CODE_SIGN_STYLE = Automatic;
				CURRENT_PROJECT_VERSION = 1;
				DEVELOPMENT_TEAM = 456W9WT6L3;
				GENERATE_INFOPLIST_FILE = YES;
				MARKETING_VERSION = 1.0;
				PRODUCT_BUNDLE_IDENTIFIER = come.maryambahwal.SparkUITests;
				PRODUCT_NAME = "$(TARGET_NAME)";
				SWIFT_EMIT_LOC_STRINGS = NO;
				SWIFT_VERSION = 5.0;
				TARGETED_DEVICE_FAMILY = "1,2";
				TEST_TARGET_NAME = Spark;
			};
			name = Debug;
		};
		5CED047D2D08BCEB0021E731 /* Release */ = {
			isa = XCBuildConfiguration;
			buildSettings = {
				ALWAYS_EMBED_SWIFT_STANDARD_LIBRARIES = YES;
				CODE_SIGN_STYLE = Automatic;
				CURRENT_PROJECT_VERSION = 1;
				DEVELOPMENT_TEAM = 456W9WT6L3;
				GENERATE_INFOPLIST_FILE = YES;
				MARKETING_VERSION = 1.0;
				PRODUCT_BUNDLE_IDENTIFIER = come.maryambahwal.SparkUITests;
				PRODUCT_NAME = "$(TARGET_NAME)";
				SWIFT_EMIT_LOC_STRINGS = NO;
				SWIFT_VERSION = 5.0;
				TARGETED_DEVICE_FAMILY = "1,2";
				TEST_TARGET_NAME = Spark;
			};
			name = Release;
		};
/* End XCBuildConfiguration section */

/* Begin XCConfigurationList section */
		5CED044C2D08BCE90021E731 /* Build configuration list for PBXProject "Spark" */ = {
			isa = XCConfigurationList;
			buildConfigurations = (
				5CED04732D08BCEB0021E731 /* Debug */,
				5CED04742D08BCEB0021E731 /* Release */,
			);
			defaultConfigurationIsVisible = 0;
			defaultConfigurationName = Release;
		};
		5CED04752D08BCEB0021E731 /* Build configuration list for PBXNativeTarget "Spark" */ = {
			isa = XCConfigurationList;
			buildConfigurations = (
				5CED04762D08BCEB0021E731 /* Debug */,
				5CED04772D08BCEB0021E731 /* Release */,
			);
			defaultConfigurationIsVisible = 0;
			defaultConfigurationName = Release;
		};
		5CED04782D08BCEB0021E731 /* Build configuration list for PBXNativeTarget "SparkTests" */ = {
			isa = XCConfigurationList;
			buildConfigurations = (
				5CED04792D08BCEB0021E731 /* Debug */,
				5CED047A2D08BCEB0021E731 /* Release */,
			);
			defaultConfigurationIsVisible = 0;
			defaultConfigurationName = Release;
		};
		5CED047B2D08BCEB0021E731 /* Build configuration list for PBXNativeTarget "SparkUITests" */ = {
			isa = XCConfigurationList;
			buildConfigurations = (
				5CED047C2D08BCEB0021E731 /* Debug */,
				5CED047D2D08BCEB0021E731 /* Release */,
			);
			defaultConfigurationIsVisible = 0;
			defaultConfigurationName = Release;
		};
/* End XCConfigurationList section */
	};
	rootObject = 5CED04492D08BCE90021E731 /* Project object */;
}
